
Microsoft Visual Studio Solution File, Format Version 12.00
# Visual Studio Version 17
VisualStudioVersion = 17.7.34024.191
MinimumVisualStudioVersion = 10.0.40219.1
Project("{FAE04EC0-301F-11D3-BF4B-00C04F79EFBC}") = "GameLuckySeven", "GameLuckySeven\GameLuckySeven.csproj", "{17C7F058-2931-4870-9035-6D2D16A7F142}"
EndProject
Global
	GlobalSection(SolutionConfigurationPlatforms) = preSolution
		Debug|Any CPU = Debug|Any CPU
		Release|Any CPU = Release|Any CPU
	EndGlobalSection
	GlobalSection(ProjectConfigurationPlatforms) = postSolution
		{17C7F058-2931-4870-9035-6D2D16A7F142}.Debug|Any CPU.ActiveCfg = Debug|Any CPU
		{17C7F058-2931-4870-9035-6D2D16A7F142}.Debug|Any CPU.Build.0 = Debug|Any CPU
		{17C7F058-2931-4870-9035-6D2D16A7F142}.Release|Any CPU.ActiveCfg = Release|Any CPU
		{17C7F058-2931-4870-9035-6D2D16A7F142}.Release|Any CPU.Build.0 = Release|Any CPU
	EndGlobalSection
	GlobalSection(SolutionProperties) = preSolution
		HideSolutionNode = FALSE
	EndGlobalSection
	GlobalSection(ExtensibilityGlobals) = postSolution
		SolutionGuid = {31BD2989-3D2A-4FB2-A22C-17D486DBD87D}
	EndGlobalSection
EndGlobal
